
Microsoft Visual Studio Solution File, Format Version 12.00
# Visual Studio Version 17
VisualStudioVersion = 17.10.34928.147
MinimumVisualStudioVersion = 10.0.40219.1
Project("{FAE04EC0-301F-11D3-BF4B-00C04F79EFBC}") = "AreaCircle2", "AreaCircle2\AreaCircle2.csproj", "{1444BF6D-6D4A-4542-99CA-8D8DE261AFDF}"
EndProject
Global
	GlobalSection(SolutionConfigurationPlatforms) = preSolution
		Debug|Any CPU = Debug|Any CPU
		Release|Any CPU = Release|Any CPU
	EndGlobalSection
	GlobalSection(ProjectConfigurationPlatforms) = postSolution
		{1444BF6D-6D4A-4542-99CA-8D8DE261AFDF}.Debug|Any CPU.ActiveCfg = Debug|Any CPU
		{1444BF6D-6D4A-4542-99CA-8D8DE261AFDF}.Debug|Any CPU.Build.0 = Debug|Any CPU
		{1444BF6D-6D4A-4542-99CA-8D8DE261AFDF}.Release|Any CPU.ActiveCfg = Release|Any CPU
		{1444BF6D-6D4A-4542-99CA-8D8DE261AFDF}.Release|Any CPU.Build.0 = Release|Any CPU
	EndGlobalSection
	GlobalSection(SolutionProperties) = preSolution
		HideSolutionNode = FALSE
	EndGlobalSection
	GlobalSection(ExtensibilityGlobals) = postSolution
		SolutionGuid = {49379ADF-2B79-4565-AF81-55D08B513E18}
	EndGlobalSection
EndGlobal
